github.com/google/go-cmp v0.4.0/go.mod h1:v8dTdLbMG2kIc/vJvl+f65V22dbkXbowE6jgT/gNBxE=
github.com/urso/diag v0.0.0-20200209092937-2103d7fb4c5a h1:qIBEAlqzmD0hd2iNZdx3l/DB3dR8KXgckdO1cuq15aU=
github.com/urso/diag v0.0.0-20200209092937-2103d7fb4c5a/go.mod h1:pNWFTeQ+V1OYT/TzWpnWb6eQBdoXpdx+H+lrH97/Oyo=
golang.org/x/xerrors v0.0.0-20191204190536-9bdfabe68543/go.mod h1:I/5z698sn9Ka8TeJc9MKroUUfqBBauWjQqLJ2OPfmY0=
